// !$*UTF8*$!
{
	archiveVersion = 1;
	classes = {
	};
	objectVersion = 50;
	objects = {

/* Begin PBXBuildFile section */
		840ADFF6214E8B20004491B6 /* Alamofire.framework in Frameworks */ = {isa = PBXBuildFile; fileRef = 840ADFF5214E8B20004491B6 /* Alamofire.framework */; };
		840ADFF8214E8B20004491B6 /* SDWebImage.framework in Frameworks */ = {isa = PBXBuildFile; fileRef = 840ADFF7214E8B20004491B6 /* SDWebImage.framework */; };
		840ADFFA214E8B20004491B6 /* SwiftyJSON.framework in Frameworks */ = {isa = PBXBuildFile; fileRef = 840ADFF9214E8B20004491B6 /* SwiftyJSON.framework */; };
		840ADFFE214F093F004491B6 /* Attribute.swift in Sources */ = {isa = PBXBuildFile; fileRef = 840ADFFD214F093F004491B6 /* Attribute.swift */; };
		841AA0132160CBC600D8AB61 /* CollectionViewCell.xib in Resources */ = {isa = PBXBuildFile; fileRef = 841AA0122160CBC600D8AB61 /* CollectionViewCell.xib */; };
		841ED968215551BD00BC59EC /* DetailsManager.swift in Sources */ = {isa = PBXBuildFile; fileRef = 841ED967215551BC00BC59EC /* DetailsManager.swift */; };
		841ED96C21555C4E00BC59EC /* DetailsPresenter.swift in Sources */ = {isa = PBXBuildFile; fileRef = 841ED96B21555C4E00BC59EC /* DetailsPresenter.swift */; };
		841ED96E21555E2A00BC59EC /* DetailsViewPro.swift in Sources */ = {isa = PBXBuildFile; fileRef = 841ED96D21555E2A00BC59EC /* DetailsViewPro.swift */; };
		841ED97021555E6000BC59EC /* DetailsPresenterPro.swift in Sources */ = {isa = PBXBuildFile; fileRef = 841ED96F21555E6000BC59EC /* DetailsPresenterPro.swift */; };
		8428E3F6214E4D4700051E39 /* MapManager.swift in Sources */ = {isa = PBXBuildFile; fileRef = 8428E3F5214E4D4700051E39 /* MapManager.swift */; };
		8428E3FA214E4DAE00051E39 /* MapModel.swift in Sources */ = {isa = PBXBuildFile; fileRef = 8428E3F9214E4DAE00051E39 /* MapModel.swift */; };
		8428E3FC214E4DC100051E39 /* MapPresenter.swift in Sources */ = {isa = PBXBuildFile; fileRef = 8428E3FB214E4DC100051E39 /* MapPresenter.swift */; };
		8428E3FE214E4DFE00051E39 /* MapViewProtocol.swift in Sources */ = {isa = PBXBuildFile; fileRef = 8428E3FD214E4DFE00051E39 /* MapViewProtocol.swift */; };
		8428E400214E4E2300051E39 /* MapPresenterProtocol.swift in Sources */ = {isa = PBXBuildFile; fileRef = 8428E3FF214E4E2300051E39 /* MapPresenterProtocol.swift */; };
		8428E402214E4E8800051E39 /* MapViewController.swift in Sources */ = {isa = PBXBuildFile; fileRef = 8428E401214E4E8800051E39 /* MapViewController.swift */; };
		842B761B215A345100404155 /* NavigationBarView.xib in Resources */ = {isa = PBXBuildFile; fileRef = 842B761A215A345100404155 /* NavigationBarView.xib */; };
		842B761D215A36FE00404155 /* NavigationBarView.swift in Sources */ = {isa = PBXBuildFile; fileRef = 842B761C215A36FE00404155 /* NavigationBarView.swift */; };
		842F9F07214FA206008E0C76 /* CoreLocation.framework in Frameworks */ = {isa = PBXBuildFile; fileRef = 840ADFFB214E8B35004491B6 /* CoreLocation.framework */; };
		842F9F0B214FAE00008E0C76 /* TableViewCell.swift in Sources */ = {isa = PBXBuildFile; fileRef = 842F9F0A214FAE00008E0C76 /* TableViewCell.swift */; };
		8431114A21514C88005BF612 /* DiscoverCell.xib in Resources */ = {isa = PBXBuildFile; fileRef = 8431114921514C88005BF612 /* DiscoverCell.xib */; };
		8431114C21514D2E005BF612 /* DiscoverCell.swift in Sources */ = {isa = PBXBuildFile; fileRef = 8431114B21514D2E005BF612 /* DiscoverCell.swift */; };
		84324AB82148735F00B172BE /* AppDelegate.swift in Sources */ = {isa = PBXBuildFile; fileRef = 84324AB72148735F00B172BE /* AppDelegate.swift */; };
		84324ABA2148735F00B172BE /* HomeScreenViewController.swift in Sources */ = {isa = PBXBuildFile; fileRef = 84324AB92148735F00B172BE /* HomeScreenViewController.swift */; };
		84324ABD2148735F00B172BE /* Main.storyboard in Resources */ = {isa = PBXBuildFile; fileRef = 84324ABB2148735F00B172BE /* Main.storyboard */; };
		84324AC02148735F00B172BE /* HomeScreen_TaskPerfect.xcdatamodeld in Sources */ = {isa = PBXBuildFile; fileRef = 84324ABE2148735F00B172BE /* HomeScreen_TaskPerfect.xcdatamodeld */; };
		84324AC22148737F00B172BE /* Assets.xcassets in Resources */ = {isa = PBXBuildFile; fileRef = 84324AC12148737F00B172BE /* Assets.xcassets */; };
		84324AC52148737F00B172BE /* LaunchScreen.storyboard in Resources */ = {isa = PBXBuildFile; fileRef = 84324AC32148737F00B172BE /* LaunchScreen.storyboard */; };
		84324AD02148738000B172BE /* HomeScreen_TaskPerfectTests.swift in Sources */ = {isa = PBXBuildFile; fileRef = 84324ACF2148738000B172BE /* HomeScreen_TaskPerfectTests.swift */; };
		84324ADB2148738000B172BE /* HomeScreen_TaskPerfectUITests.swift in Sources */ = {isa = PBXBuildFile; fileRef = 84324ADA2148738000B172BE /* HomeScreen_TaskPerfectUITests.swift */; };
		843B69FF2152B98200ECD369 /* CardViewDetails.xib in Resources */ = {isa = PBXBuildFile; fileRef = 843B69FE2152B98200ECD369 /* CardViewDetails.xib */; };
		843B6A012152BA9100ECD369 /* CardViewDetails.swift in Sources */ = {isa = PBXBuildFile; fileRef = 843B6A002152BA9100ECD369 /* CardViewDetails.swift */; };
		843B6A032152FC4400ECD369 /* DetailsTableCell.xib in Resources */ = {isa = PBXBuildFile; fileRef = 843B6A022152FC4400ECD369 /* DetailsTableCell.xib */; };
		843B6A052152FC7100ECD369 /* DetailsTableCell.swift in Sources */ = {isa = PBXBuildFile; fileRef = 843B6A042152FC7100ECD369 /* DetailsTableCell.swift */; };
		843B6A0721531C6800ECD369 /* ReviewCell.xib in Resources */ = {isa = PBXBuildFile; fileRef = 843B6A0621531C6800ECD369 /* ReviewCell.xib */; };
		843B6A0921531C9100ECD369 /* ReviewCell.swift in Sources */ = {isa = PBXBuildFile; fileRef = 843B6A0821531C9100ECD369 /* ReviewCell.swift */; };
		843B6A0B2153263800ECD369 /* Review.swift in Sources */ = {isa = PBXBuildFile; fileRef = 843B6A0A2153263800ECD369 /* Review.swift */; };
		843B6A0D2153264D00ECD369 /* User.swift in Sources */ = {isa = PBXBuildFile; fileRef = 843B6A0C2153264D00ECD369 /* User.swift */; };
		843E8ABE2162214C00834FC5 /* SplashManager.swift in Sources */ = {isa = PBXBuildFile; fileRef = 843E8ABD2162214C00834FC5 /* SplashManager.swift */; };
		843E8AC0216221A700834FC5 /* ApiDataAcessLayer.swift in Sources */ = {isa = PBXBuildFile; fileRef = 843E8ABF216221A700834FC5 /* ApiDataAcessLayer.swift */; };
		843E8AC22162232A00834FC5 /* SplashModel.swift in Sources */ = {isa = PBXBuildFile; fileRef = 843E8AC12162232A00834FC5 /* SplashModel.swift */; };
		843E8AC42162235300834FC5 /* SplashPresenter.swift in Sources */ = {isa = PBXBuildFile; fileRef = 843E8AC32162235300834FC5 /* SplashPresenter.swift */; };
		843E8AC62162238100834FC5 /* SplashViewProtocol.swift in Sources */ = {isa = PBXBuildFile; fileRef = 843E8AC52162238100834FC5 /* SplashViewProtocol.swift */; };
		843E8AC8216223C700834FC5 /* SplashPresenterProtocol.swift in Sources */ = {isa = PBXBuildFile; fileRef = 843E8AC7216223C700834FC5 /* SplashPresenterProtocol.swift */; };
		843E8ACA2162329100834FC5 /* Connection.swift in Sources */ = {isa = PBXBuildFile; fileRef = 843E8AC92162329100834FC5 /* Connection.swift */; };
		844817E02153EB4600C716EC /* UserContact.swift in Sources */ = {isa = PBXBuildFile; fileRef = 844817DF2153EB4600C716EC /* UserContact.swift */; };
		8449B86C214901F800D66A8C /* Second ViewController.swift in Sources */ = {isa = PBXBuildFile; fileRef = 8449B86B214901F800D66A8C /* Second ViewController.swift */; };
		8449B86E2149067200D66A8C /* Third ViewController.swift in Sources */ = {isa = PBXBuildFile; fileRef = 8449B86D2149067200D66A8C /* Third ViewController.swift */; };
		8449B870214906AA00D66A8C /* Fourth ViewController.swift in Sources */ = {isa = PBXBuildFile; fileRef = 8449B86F214906AA00D66A8C /* Fourth ViewController.swift */; };
		8449B872214906C900D66A8C /* Fifth ViewController.swift in Sources */ = {isa = PBXBuildFile; fileRef = 8449B871214906C900D66A8C /* Fifth ViewController.swift */; };
		8449B880214925F500D66A8C /* HomeViewProtocol.swift in Sources */ = {isa = PBXBuildFile; fileRef = 8449B87F214925F500D66A8C /* HomeViewProtocol.swift */; };
		8449B8822149260F00D66A8C /* HomePresenterProtocol.swift in Sources */ = {isa = PBXBuildFile; fileRef = 8449B8812149260F00D66A8C /* HomePresenterProtocol.swift */; };
		8449B8842149266D00D66A8C /* HomePresenter.swift in Sources */ = {isa = PBXBuildFile; fileRef = 8449B8832149266D00D66A8C /* HomePresenter.swift */; };
		8449B886214926A600D66A8C /* HomeModel.swift in Sources */ = {isa = PBXBuildFile; fileRef = 8449B885214926A600D66A8C /* HomeModel.swift */; };
		8449B888214926E200D66A8C /* HomeManager.swift in Sources */ = {isa = PBXBuildFile; fileRef = 8449B887214926E200D66A8C /* HomeManager.swift */; };
		8449B88C214953F900D66A8C /* CollectionViewCell.swift in Sources */ = {isa = PBXBuildFile; fileRef = 8449B88B214953F900D66A8C /* CollectionViewCell.swift */; };
		8450A385215679F8001CE4E5 /* HeaderDetailsCell.swift in Sources */ = {isa = PBXBuildFile; fileRef = 8450A384215679F8001CE4E5 /* HeaderDetailsCell.swift */; };
		8450A38721567A3D001CE4E5 /* HeaderDetailsCell.xib in Resources */ = {isa = PBXBuildFile; fileRef = 8450A38621567A3D001CE4E5 /* HeaderDetailsCell.xib */; };
		84594C41215B77A0006BAEB1 /* DisplayTime.swift in Sources */ = {isa = PBXBuildFile; fileRef = 84594C40215B77A0006BAEB1 /* DisplayTime.swift */; };
		84594C43215BC12F006BAEB1 /* RateView.xib in Resources */ = {isa = PBXBuildFile; fileRef = 84594C42215BC12F006BAEB1 /* RateView.xib */; };
		84594C45215BC166006BAEB1 /* RateView.swift in Sources */ = {isa = PBXBuildFile; fileRef = 84594C44215BC166006BAEB1 /* RateView.swift */; };
		846013502155AB0700B1033E /* ImageSlideshow.framework in Frameworks */ = {isa = PBXBuildFile; fileRef = 8460134F2155AB0700B1033E /* ImageSlideshow.framework */; };
		8465D73F216642980037B01A /* Alert.swift in Sources */ = {isa = PBXBuildFile; fileRef = 8465D73E216642980037B01A /* Alert.swift */; };
		84836951216F3C07008BA444 /* Network.swift in Sources */ = {isa = PBXBuildFile; fileRef = 84836950216F3C07008BA444 /* Network.swift */; };
		84836954216F70E6008BA444 /* Constants.swift in Sources */ = {isa = PBXBuildFile; fileRef = 84836953216F70E6008BA444 /* Constants.swift */; };
		849EB256215275CC009D949D /* DetailsViewController.swift in Sources */ = {isa = PBXBuildFile; fileRef = 849EB255215275CC009D949D /* DetailsViewController.swift */; };
		849F1CEC2161883A009AC814 /* SplashViewController.swift in Sources */ = {isa = PBXBuildFile; fileRef = 849F1CEB2161883A009AC814 /* SplashViewController.swift */; };
		84AB54C0215FE9B300E3B028 /* Cosmos.framework in Frameworks */ = {isa = PBXBuildFile; fileRef = 84AB54BF215FE9B300E3B028 /* Cosmos.framework */; };
		84C122ED215926200023ABC6 /* SearchBar.swift in Sources */ = {isa = PBXBuildFile; fileRef = 84C122EC215926200023ABC6 /* SearchBar.swift */; };
		84CA103F2153E8A300E06530 /* UserContact.xib in Resources */ = {isa = PBXBuildFile; fileRef = 84CA103E2153E8A300E06530 /* UserContact.xib */; };
		84E5DED52157E33100783F55 /* CollectionHeaderView.swift in Sources */ = {isa = PBXBuildFile; fileRef = 84E5DED42157E33000783F55 /* CollectionHeaderView.swift */; };
		B4CF833AB0985EA7446C761A /* Pods_Seebo_Project_.framework in Frameworks */ = {isa = PBXBuildFile; fileRef = ECC1D2603C80A0053CB7AEF9 /* Pods_Seebo_Project_.framework */; };
/* End PBXBuildFile section */

/* Begin PBXContainerItemProxy section */
		84324ACC2148738000B172BE /* PBXContainerItemProxy */ = {
			isa = PBXContainerItemProxy;
			containerPortal = 84324AAC2148735E00B172BE /* Project object */;
			proxyType = 1;
			remoteGlobalIDString = 84324AB32148735E00B172BE;
			remoteInfo = HomeScreen_TaskPerfect;
		};
		84324AD72148738000B172BE /* PBXContainerItemProxy */ = {
			isa = PBXContainerItemProxy;
			containerPortal = 84324AAC2148735E00B172BE /* Project object */;
			proxyType = 1;
			remoteGlobalIDString = 84324AB32148735E00B172BE;
			remoteInfo = HomeScreen_TaskPerfect;
		};
/* End PBXContainerItemProxy section */

/* Begin PBXFileReference section */
		0146B418C3A81BF93AFE0A7D /* Pods-Seebo Project .release.xcconfig */ = {isa = PBXFileReference; includeInIndex = 1; lastKnownFileType = text.xcconfig; name = "Pods-Seebo Project .release.xcconfig"; path = "Pods/Target Support Files/Pods-Seebo Project /Pods-Seebo Project .release.xcconfig"; sourceTree = "<group>"; };
		21EF60D2255E5FC935FBB6F0 /* Pods_HomeScreen_TaskPerfect.framework */ = {isa = PBXFileReference; explicitFileType = wrapper.framework; includeInIndex = 0; path = Pods_HomeScreen_TaskPerfect.framework; sourceTree = BUILT_PRODUCTS_DIR; };
		6F0498CFC1A12F4FEAD683A7 /* Pods-Seebo Project .debug.xcconfig */ = {isa = PBXFileReference; includeInIndex = 1; lastKnownFileType = text.xcconfig; name = "Pods-Seebo Project .debug.xcconfig"; path = "Pods/Target Support Files/Pods-Seebo Project /Pods-Seebo Project .debug.xcconfig"; sourceTree = "<group>"; };
		840ADFF5214E8B20004491B6 /* Alamofire.framework */ = {isa = PBXFileReference; explicitFileType = wrapper.framework; path = Alamofire.framework; sourceTree = BUILT_PRODUCTS_DIR; };
		840ADFF7214E8B20004491B6 /* SDWebImage.framework */ = {isa = PBXFileReference; explicitFileType = wrapper.framework; path = SDWebImage.framework; sourceTree = BUILT_PRODUCTS_DIR; };
		840ADFF9214E8B20004491B6 /* SwiftyJSON.framework */ = {isa = PBXFileReference; explicitFileType = wrapper.framework; path = SwiftyJSON.framework; sourceTree = BUILT_PRODUCTS_DIR; };
		840ADFFB214E8B35004491B6 /* CoreLocation.framework */ = {isa = PBXFileReference; lastKnownFileType = wrapper.framework; name = CoreLocation.framework; path = System/Library/Frameworks/CoreLocation.framework; sourceTree = SDKROOT; };
		840ADFFD214F093F004491B6 /* Attribute.swift */ = {isa = PBXFileReference; lastKnownFileType = sourcecode.swift; path = Attribute.swift; sourceTree = "<group>"; };
		841AA0122160CBC600D8AB61 /* CollectionViewCell.xib */ = {isa = PBXFileReference; lastKnownFileType = file.xib; path = CollectionViewCell.xib; sourceTree = "<group>"; };
		841ED967215551BC00BC59EC /* DetailsManager.swift */ = {isa = PBXFileReference; lastKnownFileType = sourcecode.swift; path = DetailsManager.swift; sourceTree = "<group>"; };
		841ED96B21555C4E00BC59EC /* DetailsPresenter.swift */ = {isa = PBXFileReference; lastKnownFileType = sourcecode.swift; path = DetailsPresenter.swift; sourceTree = "<group>"; };
		841ED96D21555E2A00BC59EC /* DetailsViewPro.swift */ = {isa = PBXFileReference; lastKnownFileType = sourcecode.swift; path = DetailsViewPro.swift; sourceTree = "<group>"; };
		841ED96F21555E6000BC59EC /* DetailsPresenterPro.swift */ = {isa = PBXFileReference; lastKnownFileType = sourcecode.swift; path = DetailsPresenterPro.swift; sourceTree = "<group>"; };
		8428E3F5214E4D4700051E39 /* MapManager.swift */ = {isa = PBXFileReference; lastKnownFileType = sourcecode.swift; path = MapManager.swift; sourceTree = "<group>"; };
		8428E3F9214E4DAE00051E39 /* MapModel.swift */ = {isa = PBXFileReference; lastKnownFileType = sourcecode.swift; path = MapModel.swift; sourceTree = "<group>"; };
		8428E3FB214E4DC100051E39 /* MapPresenter.swift */ = {isa = PBXFileReference; lastKnownFileType = sourcecode.swift; path = MapPresenter.swift; sourceTree = "<group>"; };
		8428E3FD214E4DFE00051E39 /* MapViewProtocol.swift */ = {isa = PBXFileReference; lastKnownFileType = sourcecode.swift; path = MapViewProtocol.swift; sourceTree = "<group>"; };
		8428E3FF214E4E2300051E39 /* MapPresenterProtocol.swift */ = {isa = PBXFileReference; lastKnownFileType = sourcecode.swift; path = MapPresenterProtocol.swift; sourceTree = "<group>"; };
		8428E401214E4E8800051E39 /* MapViewController.swift */ = {isa = PBXFileReference; lastKnownFileType = sourcecode.swift; path = MapViewController.swift; sourceTree = "<group>"; };
		842B761A215A345100404155 /* NavigationBarView.xib */ = {isa = PBXFileReference; lastKnownFileType = file.xib; path = NavigationBarView.xib; sourceTree = "<group>"; };
		842B761C215A36FE00404155 /* NavigationBarView.swift */ = {isa = PBXFileReference; lastKnownFileType = sourcecode.swift; path = NavigationBarView.swift; sourceTree = "<group>"; };
		842F9F0A214FAE00008E0C76 /* TableViewCell.swift */ = {isa = PBXFileReference; lastKnownFileType = sourcecode.swift; path = TableViewCell.swift; sourceTree = "<group>"; };
		8431114921514C88005BF612 /* DiscoverCell.xib */ = {isa = PBXFileReference; lastKnownFileType = file.xib; path = DiscoverCell.xib; sourceTree = "<group>"; };
		8431114B21514D2E005BF612 /* DiscoverCell.swift */ = {isa = PBXFileReference; lastKnownFileType = sourcecode.swift; path = DiscoverCell.swift; sourceTree = "<group>"; };
		84324AB42148735E00B172BE /* Seebo Project .app */ = {isa = PBXFileReference; explicitFileType = wrapper.application; includeInIndex = 0; path = "Seebo Project .app"; sourceTree = BUILT_PRODUCTS_DIR; };
		84324AB72148735F00B172BE /* AppDelegate.swift */ = {isa = PBXFileReference; lastKnownFileType = sourcecode.swift; path = AppDelegate.swift; sourceTree = "<group>"; };
		84324AB92148735F00B172BE /* HomeScreenViewController.swift */ = {isa = PBXFileReference; lastKnownFileType = sourcecode.swift; path = HomeScreenViewController.swift; sourceTree = "<group>"; };
		84324ABC2148735F00B172BE /* Base */ = {isa = PBXFileReference; lastKnownFileType = file.storyboard; name = Base; path = Base.lproj/Main.storyboard; sourceTree = "<group>"; };
		84324ABF2148735F00B172BE /* HomeScreen_TaskPerfect.xcdatamodel */ = {isa = PBXFileReference; lastKnownFileType = wrapper.xcdatamodel; path = HomeScreen_TaskPerfect.xcdatamodel; sourceTree = "<group>"; };
		84324AC12148737F00B172BE /* Assets.xcassets */ = {isa = PBXFileReference; lastKnownFileType = folder.assetcatalog; path = Assets.xcassets; sourceTree = "<group>"; };
		84324AC42148737F00B172BE /* Base */ = {isa = PBXFileReference; lastKnownFileType = file.storyboard; name = Base; path = Base.lproj/LaunchScreen.storyboard; sourceTree = "<group>"; };
		84324AC62148737F00B172BE /* Info.plist */ = {isa = PBXFileReference; lastKnownFileType = text.plist.xml; path = Info.plist; sourceTree = "<group>"; };
		84324ACB2148738000B172BE /* Seebo Project Tests.xctest */ = {isa = PBXFileReference; explicitFileType = wrapper.cfbundle; includeInIndex = 0; path = "Seebo Project Tests.xctest"; sourceTree = BUILT_PRODUCTS_DIR; };
		84324ACF2148738000B172BE /* HomeScreen_TaskPerfectTests.swift */ = {isa = PBXFileReference; lastKnownFileType = sourcecode.swift; path = HomeScreen_TaskPerfectTests.swift; sourceTree = "<group>"; };
		84324AD12148738000B172BE /* Info.plist */ = {isa = PBXFileReference; lastKnownFileType = text.plist.xml; path = Info.plist; sourceTree = "<group>"; };
		84324AD62148738000B172BE /* Seebo Project UITests.xctest */ = {isa = PBXFileReference; explicitFileType = wrapper.cfbundle; includeInIndex = 0; path = "Seebo Project UITests.xctest"; sourceTree = BUILT_PRODUCTS_DIR; };
		84324ADA2148738000B172BE /* HomeScreen_TaskPerfectUITests.swift */ = {isa = PBXFileReference; lastKnownFileType = sourcecode.swift; path = HomeScreen_TaskPerfectUITests.swift; sourceTree = "<group>"; };
		84324ADC2148738000B172BE /* Info.plist */ = {isa = PBXFileReference; lastKnownFileType = text.plist.xml; path = Info.plist; sourceTree = "<group>"; };
		843601A4215FF43700074FF0 /* Cosmos.framework */ = {isa = PBXFileReference; explicitFileType = wrapper.framework; path = Cosmos.framework; sourceTree = BUILT_PRODUCTS_DIR; };
		843B69FE2152B98200ECD369 /* CardViewDetails.xib */ = {isa = PBXFileReference; lastKnownFileType = file.xib; path = CardViewDetails.xib; sourceTree = "<group>"; };
		843B6A002152BA9100ECD369 /* CardViewDetails.swift */ = {isa = PBXFileReference; lastKnownFileType = sourcecode.swift; path = CardViewDetails.swift; sourceTree = "<group>"; };
		843B6A022152FC4400ECD369 /* DetailsTableCell.xib */ = {isa = PBXFileReference; lastKnownFileType = file.xib; path = DetailsTableCell.xib; sourceTree = "<group>"; };
		843B6A042152FC7100ECD369 /* DetailsTableCell.swift */ = {isa = PBXFileReference; lastKnownFileType = sourcecode.swift; path = DetailsTableCell.swift; sourceTree = "<group>"; };
		843B6A0621531C6800ECD369 /* ReviewCell.xib */ = {isa = PBXFileReference; lastKnownFileType = file.xib; path = ReviewCell.xib; sourceTree = "<group>"; };
		843B6A0821531C9100ECD369 /* ReviewCell.swift */ = {isa = PBXFileReference; lastKnownFileType = sourcecode.swift; path = ReviewCell.swift; sourceTree = "<group>"; };
		843B6A0A2153263800ECD369 /* Review.swift */ = {isa = PBXFileReference; lastKnownFileType = sourcecode.swift; path = Review.swift; sourceTree = "<group>"; };
		843B6A0C2153264D00ECD369 /* User.swift */ = {isa = PBXFileReference; lastKnownFileType = sourcecode.swift; path = User.swift; sourceTree = "<group>"; };
		843E8ABD2162214C00834FC5 /* SplashManager.swift */ = {isa = PBXFileReference; lastKnownFileType = sourcecode.swift; path = SplashManager.swift; sourceTree = "<group>"; };
		843E8ABF216221A700834FC5 /* ApiDataAcessLayer.swift */ = {isa = PBXFileReference; lastKnownFileType = sourcecode.swift; path = ApiDataAcessLayer.swift; sourceTree = "<group>"; };
		843E8AC12162232A00834FC5 /* SplashModel.swift */ = {isa = PBXFileReference; lastKnownFileType = sourcecode.swift; path = SplashModel.swift; sourceTree = "<group>"; };
		843E8AC32162235300834FC5 /* SplashPresenter.swift */ = {isa = PBXFileReference; lastKnownFileType = sourcecode.swift; path = SplashPresenter.swift; sourceTree = "<group>"; };
		843E8AC52162238100834FC5 /* SplashViewProtocol.swift */ = {isa = PBXFileReference; lastKnownFileType = sourcecode.swift; path = SplashViewProtocol.swift; sourceTree = "<group>"; };
		843E8AC7216223C700834FC5 /* SplashPresenterProtocol.swift */ = {isa = PBXFileReference; lastKnownFileType = sourcecode.swift; path = SplashPresenterProtocol.swift; sourceTree = "<group>"; };
		843E8AC92162329100834FC5 /* Connection.swift */ = {isa = PBXFileReference; lastKnownFileType = sourcecode.swift; path = Connection.swift; sourceTree = "<group>"; };
		844817DF2153EB4600C716EC /* UserContact.swift */ = {isa = PBXFileReference; lastKnownFileType = sourcecode.swift; path = UserContact.swift; sourceTree = "<group>"; };
		8449B86B214901F800D66A8C /* Second ViewController.swift */ = {isa = PBXFileReference; lastKnownFileType = sourcecode.swift; path = "Second ViewController.swift"; sourceTree = "<group>"; };
		8449B86D2149067200D66A8C /* Third ViewController.swift */ = {isa = PBXFileReference; lastKnownFileType = sourcecode.swift; path = "Third ViewController.swift"; sourceTree = "<group>"; };
		8449B86F214906AA00D66A8C /* Fourth ViewController.swift */ = {isa = PBXFileReference; lastKnownFileType = sourcecode.swift; path = "Fourth ViewController.swift"; sourceTree = "<group>"; };
		8449B871214906C900D66A8C /* Fifth ViewController.swift */ = {isa = PBXFileReference; lastKnownFileType = sourcecode.swift; path = "Fifth ViewController.swift"; sourceTree = "<group>"; };
		8449B87F214925F500D66A8C /* HomeViewProtocol.swift */ = {isa = PBXFileReference; lastKnownFileType = sourcecode.swift; path = HomeViewProtocol.swift; sourceTree = "<group>"; };
		8449B8812149260F00D66A8C /* HomePresenterProtocol.swift */ = {isa = PBXFileReference; lastKnownFileType = sourcecode.swift; path = HomePresenterProtocol.swift; sourceTree = "<group>"; };
		8449B8832149266D00D66A8C /* HomePresenter.swift */ = {isa = PBXFileReference; lastKnownFileType = sourcecode.swift; path = HomePresenter.swift; sourceTree = "<group>"; };
		8449B885214926A600D66A8C /* HomeModel.swift */ = {isa = PBXFileReference; lastKnownFileType = sourcecode.swift; path = HomeModel.swift; sourceTree = "<group>"; };
		8449B887214926E200D66A8C /* HomeManager.swift */ = {isa = PBXFileReference; lastKnownFileType = sourcecode.swift; path = HomeManager.swift; sourceTree = "<group>"; };
		8449B88B214953F900D66A8C /* CollectionViewCell.swift */ = {isa = PBXFileReference; lastKnownFileType = sourcecode.swift; path = CollectionViewCell.swift; sourceTree = "<group>"; };
		8450A384215679F8001CE4E5 /* HeaderDetailsCell.swift */ = {isa = PBXFileReference; lastKnownFileType = sourcecode.swift; path = HeaderDetailsCell.swift; sourceTree = "<group>"; };
		8450A38621567A3D001CE4E5 /* HeaderDetailsCell.xib */ = {isa = PBXFileReference; lastKnownFileType = file.xib; path = HeaderDetailsCell.xib; sourceTree = "<group>"; };
		84594C40215B77A0006BAEB1 /* DisplayTime.swift */ = {isa = PBXFileReference; lastKnownFileType = sourcecode.swift; path = DisplayTime.swift; sourceTree = "<group>"; };
		84594C42215BC12F006BAEB1 /* RateView.xib */ = {isa = PBXFileReference; lastKnownFileType = file.xib; path = RateView.xib; sourceTree = "<group>"; };
		84594C44215BC166006BAEB1 /* RateView.swift */ = {isa = PBXFileReference; lastKnownFileType = sourcecode.swift; path = RateView.swift; sourceTree = "<group>"; };
		8460134D2155A4D700B1033E /* ImageSlideshow.framework */ = {isa = PBXFileReference; explicitFileType = wrapper.framework; path = ImageSlideshow.framework; sourceTree = BUILT_PRODUCTS_DIR; };
		8460134F2155AB0700B1033E /* ImageSlideshow.framework */ = {isa = PBXFileReference; explicitFileType = wrapper.framework; path = ImageSlideshow.framework; sourceTree = BUILT_PRODUCTS_DIR; };
		8465D73E216642980037B01A /* Alert.swift */ = {isa = PBXFileReference; lastKnownFileType = sourcecode.swift; path = Alert.swift; sourceTree = "<group>"; };
		846A2B232163B56200714EF6 /* ar */ = {isa = PBXFileReference; lastKnownFileType = text.plist.strings; name = ar; path = ar.lproj/Main.strings; sourceTree = "<group>"; };
		846A2B242163B56300714EF6 /* ar */ = {isa = PBXFileReference; lastKnownFileType = text.plist.strings; name = ar; path = ar.lproj/LaunchScreen.strings; sourceTree = "<group>"; };
		84836950216F3C07008BA444 /* Network.swift */ = {isa = PBXFileReference; lastKnownFileType = sourcecode.swift; path = Network.swift; sourceTree = "<group>"; };
		84836953216F70E6008BA444 /* Constants.swift */ = {isa = PBXFileReference; lastKnownFileType = sourcecode.swift; path = Constants.swift; sourceTree = "<group>"; };
		849EB255215275CC009D949D /* DetailsViewController.swift */ = {isa = PBXFileReference; lastKnownFileType = sourcecode.swift; path = DetailsViewController.swift; sourceTree = "<group>"; };
		849F1CEB2161883A009AC814 /* SplashViewController.swift */ = {isa = PBXFileReference; lastKnownFileType = sourcecode.swift; path = SplashViewController.swift; sourceTree = "<group>"; };
		84AB54BF215FE9B300E3B028 /* Cosmos.framework */ = {isa = PBXFileReference; explicitFileType = wrapper.framework; path = Cosmos.framework; sourceTree = BUILT_PRODUCTS_DIR; };
		84C122EC215926200023ABC6 /* SearchBar.swift */ = {isa = PBXFileReference; lastKnownFileType = sourcecode.swift; path = SearchBar.swift; sourceTree = "<group>"; };
		84CA103E2153E8A300E06530 /* UserContact.xib */ = {isa = PBXFileReference; lastKnownFileType = file.xib; path = UserContact.xib; sourceTree = "<group>"; };
		84E5DED42157E33000783F55 /* CollectionHeaderView.swift */ = {isa = PBXFileReference; lastKnownFileType = sourcecode.swift; path = CollectionHeaderView.swift; sourceTree = "<group>"; };
		ECC1D2603C80A0053CB7AEF9 /* Pods_Seebo_Project_.framework */ = {isa = PBXFileReference; explicitFileType = wrapper.framework; includeInIndex = 0; path = Pods_Seebo_Project_.framework; sourceTree = BUILT_PRODUCTS_DIR; };
/* End PBXFileReference section */

/* Begin PBXFrameworksBuildPhase section */
		84324AB12148735E00B172BE /* Frameworks */ = {
			isa = PBXFrameworksBuildPhase;
			buildActionMask = 2147483647;
			files = (
				84AB54C0215FE9B300E3B028 /* Cosmos.framework in Frameworks */,
				846013502155AB0700B1033E /* ImageSlideshow.framework in Frameworks */,
				842F9F07214FA206008E0C76 /* CoreLocation.framework in Frameworks */,
				840ADFF6214E8B20004491B6 /* Alamofire.framework in Frameworks */,
				840ADFF8214E8B20004491B6 /* SDWebImage.framework in Frameworks */,
				840ADFFA214E8B20004491B6 /* SwiftyJSON.framework in Frameworks */,
				B4CF833AB0985EA7446C761A /* Pods_Seebo_Project_.framework in Frameworks */,
			);
			runOnlyForDeploymentPostprocessing = 0;
		};
		84324AC82148738000B172BE /* Frameworks */ = {
			isa = PBXFrameworksBuildPhase;
			buildActionMask = 2147483647;
			files = (
			);
			runOnlyForDeploymentPostprocessing = 0;
		};
		84324AD32148738000B172BE /* Frameworks */ = {
			isa = PBXFrameworksBuildPhase;
			buildActionMask = 2147483647;
			files = (
			);
			runOnlyForDeploymentPostprocessing = 0;
		};
/* End PBXFrameworksBuildPhase section */

/* Begin PBXGroup section */
		8428E3EF214E4B8100051E39 /* Map Screen */ = {
			isa = PBXGroup;
			children = (
				8428E3F4214E4D0800051E39 /* Protocols */,
				8428E3F3214E4CF900051E39 /* View */,
				8428E3F2214E4CF000051E39 /* Presenter */,
				8428E3F1214E4CE700051E39 /* Model */,
				8428E3F0214E4B9B00051E39 /* DataAcessLayer */,
			);
			path = "Map Screen";
			sourceTree = "<group>";
		};
		8428E3F0214E4B9B00051E39 /* DataAcessLayer */ = {
			isa = PBXGroup;
			children = (
				8428E3F5214E4D4700051E39 /* MapManager.swift */,
			);
			path = DataAcessLayer;
			sourceTree = "<group>";
		};
		8428E3F1214E4CE700051E39 /* Model */ = {
			isa = PBXGroup;
			children = (
				8428E3F9214E4DAE00051E39 /* MapModel.swift */,
				840ADFFD214F093F004491B6 /* Attribute.swift */,
				843B6A0C2153264D00ECD369 /* User.swift */,
			);
			path = Model;
			sourceTree = "<group>";
		};
		8428E3F2214E4CF000051E39 /* Presenter */ = {
			isa = PBXGroup;
			children = (
				8428E3FB214E4DC100051E39 /* MapPresenter.swift */,
			);
			path = Presenter;
			sourceTree = "<group>";
		};
		8428E3F3214E4CF900051E39 /* View */ = {
			isa = PBXGroup;
			children = (
				8428E401214E4E8800051E39 /* MapViewController.swift */,
				842F9F0A214FAE00008E0C76 /* TableViewCell.swift */,
				8431114B21514D2E005BF612 /* DiscoverCell.swift */,
				8431114921514C88005BF612 /* DiscoverCell.xib */,
			);
			path = View;
			sourceTree = "<group>";
		};
		8428E3F4214E4D0800051E39 /* Protocols */ = {
			isa = PBXGroup;
			children = (
				8428E3FD214E4DFE00051E39 /* MapViewProtocol.swift */,
				8428E3FF214E4E2300051E39 /* MapPresenterProtocol.swift */,
			);
			path = Protocols;
			sourceTree = "<group>";
		};
		84324AAB2148735E00B172BE = {
			isa = PBXGroup;
			children = (
				84324AB62148735E00B172BE /* Seebo Project */,
				84324ACE2148738000B172BE /* Seebo Project Tests */,
				84324AD92148738000B172BE /* Seebo Project UITests */,
				84324AB52148735E00B172BE /* Products */,
				BDD102E129289B9DE58FA871 /* Pods */,
				F2BC4B0B812A0638C73BF533 /* Frameworks */,
			);
			sourceTree = "<group>";
		};
		84324AB52148735E00B172BE /* Products */ = {
			isa = PBXGroup;
			children = (
				84324AB42148735E00B172BE /* Seebo Project .app */,
				84324ACB2148738000B172BE /* Seebo Project Tests.xctest */,
				84324AD62148738000B172BE /* Seebo Project UITests.xctest */,
			);
			name = Products;
			sourceTree = "<group>";
		};
		84324AB62148735E00B172BE /* Seebo Project */ = {
			isa = PBXGroup;
			children = (
				849F1CE9216185EE009AC814 /* Splash Screen */,
				84C122EB215923660023ABC6 /* CommonClasses */,
				849EB24F21526C42009D949D /* Details Screen */,
				8428E3EF214E4B8100051E39 /* Map Screen */,
				84334F07214D7CE40062161C /* Home Screen */,
				84324AB72148735F00B172BE /* AppDelegate.swift */,
				84324AC12148737F00B172BE /* Assets.xcassets */,
				84324ABB2148735F00B172BE /* Main.storyboard */,
				84324AC32148737F00B172BE /* LaunchScreen.storyboard */,
				84324AC62148737F00B172BE /* Info.plist */,
				84324ABE2148735F00B172BE /* HomeScreen_TaskPerfect.xcdatamodeld */,
			);
			path = "Seebo Project";
			sourceTree = "<group>";
		};
		84324ACE2148738000B172BE /* Seebo Project Tests */ = {
			isa = PBXGroup;
			children = (
				84324ACF2148738000B172BE /* HomeScreen_TaskPerfectTests.swift */,
				84324AD12148738000B172BE /* Info.plist */,
			);
			path = "Seebo Project Tests";
			sourceTree = "<group>";
		};
		84324AD92148738000B172BE /* Seebo Project UITests */ = {
			isa = PBXGroup;
			children = (
				84324ADA2148738000B172BE /* HomeScreen_TaskPerfectUITests.swift */,
				84324ADC2148738000B172BE /* Info.plist */,
			);
			path = "Seebo Project UITests";
			sourceTree = "<group>";
		};
		84324AE82148787300B172BE /* Model */ = {
			isa = PBXGroup;
			children = (
				8449B885214926A600D66A8C /* HomeModel.swift */,
			);
			path = Model;
			sourceTree = "<group>";
		};
		84324AE92148788000B172BE /* View */ = {
			isa = PBXGroup;
			children = (
				84324AB92148735F00B172BE /* HomeScreenViewController.swift */,
				8449B86B214901F800D66A8C /* Second ViewController.swift */,
				8449B86D2149067200D66A8C /* Third ViewController.swift */,
				8449B86F214906AA00D66A8C /* Fourth ViewController.swift */,
				8449B871214906C900D66A8C /* Fifth ViewController.swift */,
				8449B88B214953F900D66A8C /* CollectionViewCell.swift */,
				841AA0122160CBC600D8AB61 /* CollectionViewCell.xib */,
			);
			path = View;
			sourceTree = "<group>";
		};
		84324AEA2148789400B172BE /* Presenter */ = {
			isa = PBXGroup;
			children = (
				8449B8832149266D00D66A8C /* HomePresenter.swift */,
			);
			path = Presenter;
			sourceTree = "<group>";
		};
		84324AEB214878CF00B172BE /* DataAcessLayer */ = {
			isa = PBXGroup;
			children = (
				8449B887214926E200D66A8C /* HomeManager.swift */,
			);
			path = DataAcessLayer;
			sourceTree = "<group>";
		};
		84324AEC2148791500B172BE /* Protocols */ = {
			isa = PBXGroup;
			children = (
				8449B87F214925F500D66A8C /* HomeViewProtocol.swift */,
				8449B8812149260F00D66A8C /* HomePresenterProtocol.swift */,
			);
			path = Protocols;
			sourceTree = "<group>";
		};
		84334F07214D7CE40062161C /* Home Screen */ = {
			isa = PBXGroup;
			children = (
				84324AEC2148791500B172BE /* Protocols */,
				84324AE92148788000B172BE /* View */,
				84324AEA2148789400B172BE /* Presenter */,
				84324AE82148787300B172BE /* Model */,
				84324AEB214878CF00B172BE /* DataAcessLayer */,
			);
			path = "Home Screen";
			sourceTree = "<group>";
		};
		843E8AB821621E2C00834FC5 /* View */ = {
			isa = PBXGroup;
			children = (
				849F1CEB2161883A009AC814 /* SplashViewController.swift */,
			);
			path = View;
			sourceTree = "<group>";
		};
		843E8AB921621E3E00834FC5 /* Protocols */ = {
			isa = PBXGroup;
			children = (
				843E8AC52162238100834FC5 /* SplashViewProtocol.swift */,
				843E8AC7216223C700834FC5 /* SplashPresenterProtocol.swift */,
			);
			path = Protocols;
			sourceTree = "<group>";
		};
		843E8ABA21621E6500834FC5 /* Presenter */ = {
			isa = PBXGroup;
			children = (
				843E8AC32162235300834FC5 /* SplashPresenter.swift */,
			);
			path = Presenter;
			sourceTree = "<group>";
		};
		843E8ABB21621FB000834FC5 /* Model */ = {
			isa = PBXGroup;
			children = (
				843E8AC12162232A00834FC5 /* SplashModel.swift */,
			);
			path = Model;
			sourceTree = "<group>";
		};
		843E8ABC21621FD100834FC5 /* DataAcessLayer */ = {
			isa = PBXGroup;
			children = (
				843E8ABD2162214C00834FC5 /* SplashManager.swift */,
				843E8ABF216221A700834FC5 /* ApiDataAcessLayer.swift */,
			);
			path = DataAcessLayer;
			sourceTree = "<group>";
		};
		843F60DF2171631D00097712 /* Classes */ = {
			isa = PBXGroup;
			children = (
				84C122EC215926200023ABC6 /* SearchBar.swift */,
				84594C40215B77A0006BAEB1 /* DisplayTime.swift */,
				843E8AC92162329100834FC5 /* Connection.swift */,
				8465D73E216642980037B01A /* Alert.swift */,
			);
			path = Classes;
			sourceTree = "<group>";
		};
		843F60E02171637100097712 /* XibViews */ = {
			isa = PBXGroup;
			children = (
				842B761A215A345100404155 /* NavigationBarView.xib */,
				842B761C215A36FE00404155 /* NavigationBarView.swift */,
			);
			path = XibViews;
			sourceTree = "<group>";
		};
		8483694F216F3B58008BA444 /* Network */ = {
			isa = PBXGroup;
			children = (
				84836950216F3C07008BA444 /* Network.swift */,
			);
			name = Network;
			path = "New Group";
			sourceTree = "<group>";
		};
		84836952216F65A5008BA444 /* Constants */ = {
			isa = PBXGroup;
			children = (
				84836953216F70E6008BA444 /* Constants.swift */,
			);
			path = Constants;
			sourceTree = "<group>";
		};
		849EB24F21526C42009D949D /* Details Screen */ = {
			isa = PBXGroup;
			children = (
				849EB250215273B8009D949D /* Protocols */,
				849EB252215273EF009D949D /* View */,
				849EB251215273DD009D949D /* Presenter */,
				849EB253215273FD009D949D /* Model */,
				849EB25421527410009D949D /* DataAcessLayer */,
			);
			path = "Details Screen";
			sourceTree = "<group>";
		};
		849EB250215273B8009D949D /* Protocols */ = {
			isa = PBXGroup;
			children = (
				841ED96D21555E2A00BC59EC /* DetailsViewPro.swift */,
				841ED96F21555E6000BC59EC /* DetailsPresenterPro.swift */,
			);
			path = Protocols;
			sourceTree = "<group>";
		};
		849EB251215273DD009D949D /* Presenter */ = {
			isa = PBXGroup;
			children = (
				841ED96B21555C4E00BC59EC /* DetailsPresenter.swift */,
			);
			path = Presenter;
			sourceTree = "<group>";
		};
		849EB252215273EF009D949D /* View */ = {
			isa = PBXGroup;
			children = (
				849EB255215275CC009D949D /* DetailsViewController.swift */,
				843B69FE2152B98200ECD369 /* CardViewDetails.xib */,
				843B6A002152BA9100ECD369 /* CardViewDetails.swift */,
				843B6A022152FC4400ECD369 /* DetailsTableCell.xib */,
				843B6A042152FC7100ECD369 /* DetailsTableCell.swift */,
				843B6A0621531C6800ECD369 /* ReviewCell.xib */,
				843B6A0821531C9100ECD369 /* ReviewCell.swift */,
				84CA103E2153E8A300E06530 /* UserContact.xib */,
				844817DF2153EB4600C716EC /* UserContact.swift */,
				8450A384215679F8001CE4E5 /* HeaderDetailsCell.swift */,
				8450A38621567A3D001CE4E5 /* HeaderDetailsCell.xib */,
				84E5DED42157E33000783F55 /* CollectionHeaderView.swift */,
				84594C42215BC12F006BAEB1 /* RateView.xib */,
				84594C44215BC166006BAEB1 /* RateView.swift */,
			);
			path = View;
			sourceTree = "<group>";
		};
		849EB253215273FD009D949D /* Model */ = {
			isa = PBXGroup;
			children = (
				843B6A0A2153263800ECD369 /* Review.swift */,
			);
			path = Model;
			sourceTree = "<group>";
		};
		849EB25421527410009D949D /* DataAcessLayer */ = {
			isa = PBXGroup;
			children = (
				841ED967215551BC00BC59EC /* DetailsManager.swift */,
			);
			path = DataAcessLayer;
			sourceTree = "<group>";
		};
		849F1CE9216185EE009AC814 /* Splash Screen */ = {
			isa = PBXGroup;
			children = (
				843E8AB921621E3E00834FC5 /* Protocols */,
				843E8AB821621E2C00834FC5 /* View */,
				843E8ABA21621E6500834FC5 /* Presenter */,
				843E8ABB21621FB000834FC5 /* Model */,
				843E8ABC21621FD100834FC5 /* DataAcessLayer */,
			);
			path = "Splash Screen";
			sourceTree = "<group>";
		};
		84C122EB215923660023ABC6 /* CommonClasses */ = {
			isa = PBXGroup;
			children = (
				843F60E02171637100097712 /* XibViews */,
				843F60DF2171631D00097712 /* Classes */,
				84836952216F65A5008BA444 /* Constants */,
				8483694F216F3B58008BA444 /* Network */,
			);
			name = CommonClasses;
			path = "New Group";
			sourceTree = "<group>";
		};
		BDD102E129289B9DE58FA871 /* Pods */ = {
			isa = PBXGroup;
			children = (
				6F0498CFC1A12F4FEAD683A7 /* Pods-Seebo Project .debug.xcconfig */,
				0146B418C3A81BF93AFE0A7D /* Pods-Seebo Project .release.xcconfig */,
			);
			name = Pods;
			sourceTree = "<group>";
		};
		F2BC4B0B812A0638C73BF533 /* Frameworks */ = {
			isa = PBXGroup;
			children = (
				84AB54BF215FE9B300E3B028 /* Cosmos.framework */,
				843601A4215FF43700074FF0 /* Cosmos.framework */,
				8460134F2155AB0700B1033E /* ImageSlideshow.framework */,
				8460134D2155A4D700B1033E /* ImageSlideshow.framework */,
				840ADFFB214E8B35004491B6 /* CoreLocation.framework */,
				840ADFF5214E8B20004491B6 /* Alamofire.framework */,
				840ADFF7214E8B20004491B6 /* SDWebImage.framework */,
				840ADFF9214E8B20004491B6 /* SwiftyJSON.framework */,
				21EF60D2255E5FC935FBB6F0 /* Pods_HomeScreen_TaskPerfect.framework */,
				ECC1D2603C80A0053CB7AEF9 /* Pods_Seebo_Project_.framework */,
			);
			name = Frameworks;
			sourceTree = "<group>";
		};
/* End PBXGroup section */

/* Begin PBXNativeTarget section */
		84324AB32148735E00B172BE /* Seebo Project  */ = {
			isa = PBXNativeTarget;
			buildConfigurationList = 84324ADF2148738000B172BE /* Build configuration list for PBXNativeTarget "Seebo Project " */;
			buildPhases = (
				EAA22498E483C82682FA26A2 /* [CP] Check Pods Manifest.lock */,
				84324AB02148735E00B172BE /* Sources */,
				84324AB12148735E00B172BE /* Frameworks */,
				84324AB22148735E00B172BE /* Resources */,
				4E2DA30087E6F3603AFBF7D7 /* [CP] Embed Pods Frameworks */,
				3379064716609541C3AFC27F /* [CP] Copy Pods Resources */,
			);
			buildRules = (
			);
			dependencies = (
			);
			name = "Seebo Project ";
			productName = HomeScreen_TaskPerfect;
			productReference = 84324AB42148735E00B172BE /* Seebo Project .app */;
			productType = "com.apple.product-type.application";
		};
		84324ACA2148738000B172BE /* Seebo Project Tests */ = {
			isa = PBXNativeTarget;
			buildConfigurationList = 84324AE22148738000B172BE /* Build configuration list for PBXNativeTarget "Seebo Project Tests" */;
			buildPhases = (
				84324AC72148738000B172BE /* Sources */,
				84324AC82148738000B172BE /* Frameworks */,
				84324AC92148738000B172BE /* Resources */,
			);
			buildRules = (
			);
			dependencies = (
				84324ACD2148738000B172BE /* PBXTargetDependency */,
			);
			name = "Seebo Project Tests";
			productName = HomeScreen_TaskPerfectTests;
			productReference = 84324ACB2148738000B172BE /* Seebo Project Tests.xctest */;
			productType = "com.apple.product-type.bundle.unit-test";
		};
		84324AD52148738000B172BE /* Seebo Project UITests */ = {
			isa = PBXNativeTarget;
			buildConfigurationList = 84324AE52148738000B172BE /* Build configuration list for PBXNativeTarget "Seebo Project UITests" */;
			buildPhases = (
				84324AD22148738000B172BE /* Sources */,
				84324AD32148738000B172BE /* Frameworks */,
				84324AD42148738000B172BE /* Resources */,
			);
			buildRules = (
			);
			dependencies = (
				84324AD82148738000B172BE /* PBXTargetDependency */,
			);
			name = "Seebo Project UITests";
			productName = HomeScreen_TaskPerfectUITests;
			productReference = 84324AD62148738000B172BE /* Seebo Project UITests.xctest */;
			productType = "com.apple.product-type.bundle.ui-testing";
		};
/* End PBXNativeTarget section */

/* Begin PBXProject section */
		84324AAC2148735E00B172BE /* Project object */ = {
			isa = PBXProject;
			attributes = {
				LastSwiftUpdateCheck = 0930;
				LastUpgradeCheck = 0930;
				ORGANIZATIONNAME = Admin;
				TargetAttributes = {
					84324AB32148735E00B172BE = {
						CreatedOnToolsVersion = 9.3;
					};
					84324ACA2148738000B172BE = {
						CreatedOnToolsVersion = 9.3;
						TestTargetID = 84324AB32148735E00B172BE;
					};
					84324AD52148738000B172BE = {
						CreatedOnToolsVersion = 9.3;
						TestTargetID = 84324AB32148735E00B172BE;
					};
				};
			};
			buildConfigurationList = 84324AAF2148735E00B172BE /* Build configuration list for PBXProject "Seebo Project " */;
			compatibilityVersion = "Xcode 9.3";
			developmentRegion = en;
			hasScannedForEncodings = 0;
			knownRegions = (
				en,
				Base,
			);
			mainGroup = 84324AAB2148735E00B172BE;
			productRefGroup = 84324AB52148735E00B172BE /* Products */;
			projectDirPath = "";
			projectRoot = "";
			targets = (
				84324AB32148735E00B172BE /* Seebo Project  */,
				84324ACA2148738000B172BE /* Seebo Project Tests */,
				84324AD52148738000B172BE /* Seebo Project UITests */,
			);
		};
/* End PBXProject section */

/* Begin PBXResourcesBuildPhase section */
		84324AB22148735E00B172BE /* Resources */ = {
			isa = PBXResourcesBuildPhase;
			buildActionMask = 2147483647;
			files = (
				8431114A21514C88005BF612 /* DiscoverCell.xib in Resources */,
				843B6A032152FC4400ECD369 /* DetailsTableCell.xib in Resources */,
				841AA0132160CBC600D8AB61 /* CollectionViewCell.xib in Resources */,
				843B6A0721531C6800ECD369 /* ReviewCell.xib in Resources */,
				84CA103F2153E8A300E06530 /* UserContact.xib in Resources */,
				842B761B215A345100404155 /* NavigationBarView.xib in Resources */,
				84324AC52148737F00B172BE /* LaunchScreen.storyboard in Resources */,
				843B69FF2152B98200ECD369 /* CardViewDetails.xib in Resources */,
				84324AC22148737F00B172BE /* Assets.xcassets in Resources */,
				84594C43215BC12F006BAEB1 /* RateView.xib in Resources */,
				8450A38721567A3D001CE4E5 /* HeaderDetailsCell.xib in Resources */,
				84324ABD2148735F00B172BE /* Main.storyboard in Resources */,
			);
			runOnlyForDeploymentPostprocessing = 0;
		};
		84324AC92148738000B172BE /* Resources */ = {
			isa = PBXResourcesBuildPhase;
			buildActionMask = 2147483647;
			files = (
			);
			runOnlyForDeploymentPostprocessing = 0;
		};
		84324AD42148738000B172BE /* Resources */ = {
			isa = PBXResourcesBuildPhase;
			buildActionMask = 2147483647;
			files = (
			);
			runOnlyForDeploymentPostprocessing = 0;
		};
/* End PBXResourcesBuildPhase section */

/* Begin PBXShellScriptBuildPhase section */
		3379064716609541C3AFC27F /* [CP] Copy Pods Resources */ = {
			isa = PBXShellScriptBuildPhase;
			buildActionMask = 2147483647;
			files = (
			);
			inputPaths = (
				"${SRCROOT}/Pods/Target Support Files/Pods-Seebo Project /Pods-Seebo Project -resources.sh",
				"${PODS_ROOT}/GoogleMaps/Maps/Frameworks/GoogleMaps.framework/Resources/GoogleMaps.bundle",
				"${PODS_ROOT}/GooglePlaces/Frameworks/GooglePlaces.framework/Resources/GooglePlaces.bundle",
			);
			name = "[CP] Copy Pods Resources";
			outputPaths = (
				"${TARGET_BUILD_DIR}/${UNLOCALIZED_RESOURCES_FOLDER_PATH}/GoogleMaps.bundle",
				"${TARGET_BUILD_DIR}/${UNLOCALIZED_RESOURCES_FOLDER_PATH}/GooglePlaces.bundle",
			);
			runOnlyForDeploymentPostprocessing = 0;
			shellPath = /bin/sh;
			shellScript = "\"${SRCROOT}/Pods/Target Support Files/Pods-Seebo Project /Pods-Seebo Project -resources.sh\"\n";
			showEnvVarsInLog = 0;
		};
		4E2DA30087E6F3603AFBF7D7 /* [CP] Embed Pods Frameworks */ = {
			isa = PBXShellScriptBuildPhase;
			buildActionMask = 2147483647;
			files = (
			);
			inputPaths = (
				"${SRCROOT}/Pods/Target Support Files/Pods-Seebo Project /Pods-Seebo Project -frameworks.sh",
				"${BUILT_PRODUCTS_DIR}/Alamofire/Alamofire.framework",
				"${BUILT_PRODUCTS_DIR}/Cosmos/Cosmos.framework",
				"${BUILT_PRODUCTS_DIR}/ImageSlideshow/ImageSlideshow.framework",
				"${BUILT_PRODUCTS_DIR}/SDWebImage/SDWebImage.framework",
				"${BUILT_PRODUCTS_DIR}/SwiftyJSON/SwiftyJSON.framework",
			);
			name = "[CP] Embed Pods Frameworks";
			outputPaths = (
				"${TARGET_BUILD_DIR}/${FRAMEWORKS_FOLDER_PATH}/Alamofire.framework",
				"${TARGET_BUILD_DIR}/${FRAMEWORKS_FOLDER_PATH}/Cosmos.framework",
				"${TARGET_BUILD_DIR}/${FRAMEWORKS_FOLDER_PATH}/ImageSlideshow.framework",
				"${TARGET_BUILD_DIR}/${FRAMEWORKS_FOLDER_PATH}/SDWebImage.framework",
				"${TARGET_BUILD_DIR}/${FRAMEWORKS_FOLDER_PATH}/SwiftyJSON.framework",
			);
			runOnlyForDeploymentPostprocessing = 0;
			shellPath = /bin/sh;
			shellScript = "\"${SRCROOT}/Pods/Target Support Files/Pods-Seebo Project /Pods-Seebo Project -frameworks.sh\"\n";
			showEnvVarsInLog = 0;
		};
		EAA22498E483C82682FA26A2 /* [CP] Check Pods Manifest.lock */ = {
			isa = PBXShellScriptBuildPhase;
			buildActionMask = 2147483647;
			files = (
			);
			inputPaths = (
				"${PODS_PODFILE_DIR_PATH}/Podfile.lock",
				"${PODS_ROOT}/Manifest.lock",
			);
			name = "[CP] Check Pods Manifest.lock";
			outputPaths = (
				"$(DERIVED_FILE_DIR)/Pods-Seebo Project -checkManifestLockResult.txt",
			);
			runOnlyForDeploymentPostprocessing = 0;
			shellPath = /bin/sh;
			shellScript = "diff \"${PODS_PODFILE_DIR_PATH}/Podfile.lock\" \"${PODS_ROOT}/Manifest.lock\" > /dev/null\nif [ $? != 0 ] ; then\n    # print error to STDERR\n    echo \"error: The sandbox is not in sync with the Podfile.lock. Run 'pod install' or update your CocoaPods installation.\" >&2\n    exit 1\nfi\n# This output is used by Xcode 'outputs' to avoid re-running this script phase.\necho \"SUCCESS\" > \"${SCRIPT_OUTPUT_FILE_0}\"\n";
			showEnvVarsInLog = 0;
		};
/* End PBXShellScriptBuildPhase section */

/* Begin PBXSourcesBuildPhase section */
		84324AB02148735E00B172BE /* Sources */ = {
			isa = PBXSourcesBuildPhase;
			buildActionMask = 2147483647;
			files = (
				8449B86E2149067200D66A8C /* Third ViewController.swift in Sources */,
				843E8AC8216223C700834FC5 /* SplashPresenterProtocol.swift in Sources */,
				843B6A052152FC7100ECD369 /* DetailsTableCell.swift in Sources */,
				8465D73F216642980037B01A /* Alert.swift in Sources */,
				841ED96E21555E2A00BC59EC /* DetailsViewPro.swift in Sources */,
				8428E3F6214E4D4700051E39 /* MapManager.swift in Sources */,
				8428E3FE214E4DFE00051E39 /* MapViewProtocol.swift in Sources */,
				84324AC02148735F00B172BE /* HomeScreen_TaskPerfect.xcdatamodeld in Sources */,
				8431114C21514D2E005BF612 /* DiscoverCell.swift in Sources */,
				84594C45215BC166006BAEB1 /* RateView.swift in Sources */,
				8449B8822149260F00D66A8C /* HomePresenterProtocol.swift in Sources */,
				841ED96C21555C4E00BC59EC /* DetailsPresenter.swift in Sources */,
				843B6A0D2153264D00ECD369 /* User.swift in Sources */,
				8449B880214925F500D66A8C /* HomeViewProtocol.swift in Sources */,
				84594C41215B77A0006BAEB1 /* DisplayTime.swift in Sources */,
				8449B8842149266D00D66A8C /* HomePresenter.swift in Sources */,
				843E8ABE2162214C00834FC5 /* SplashManager.swift in Sources */,
				8449B872214906C900D66A8C /* Fifth ViewController.swift in Sources */,
				843E8AC62162238100834FC5 /* SplashViewProtocol.swift in Sources */,
				8428E400214E4E2300051E39 /* MapPresenterProtocol.swift in Sources */,
				849F1CEC2161883A009AC814 /* SplashViewController.swift in Sources */,
				843E8AC22162232A00834FC5 /* SplashModel.swift in Sources */,
				843B6A0921531C9100ECD369 /* ReviewCell.swift in Sources */,
				84836951216F3C07008BA444 /* Network.swift in Sources */,
				8449B86C214901F800D66A8C /* Second ViewController.swift in Sources */,
				84836954216F70E6008BA444 /* Constants.swift in Sources */,
				841ED968215551BD00BC59EC /* DetailsManager.swift in Sources */,
				8449B888214926E200D66A8C /* HomeManager.swift in Sources */,
				8450A385215679F8001CE4E5 /* HeaderDetailsCell.swift in Sources */,
				8428E402214E4E8800051E39 /* MapViewController.swift in Sources */,
				8428E3FC214E4DC100051E39 /* MapPresenter.swift in Sources */,
				84324ABA2148735F00B172BE /* HomeScreenViewController.swift in Sources */,
				8428E3FA214E4DAE00051E39 /* MapModel.swift in Sources */,
				84C122ED215926200023ABC6 /* SearchBar.swift in Sources */,
				8449B88C214953F900D66A8C /* CollectionViewCell.swift in Sources */,
				844817E02153EB4600C716EC /* UserContact.swift in Sources */,
				849EB256215275CC009D949D /* DetailsViewController.swift in Sources */,
				843E8ACA2162329100834FC5 /* Connection.swift in Sources */,
				840ADFFE214F093F004491B6 /* Attribute.swift in Sources */,
				843B6A0B2153263800ECD369 /* Review.swift in Sources */,
				843B6A012152BA9100ECD369 /* CardViewDetails.swift in Sources */,
				843E8AC42162235300834FC5 /* SplashPresenter.swift in Sources */,
				841ED97021555E6000BC59EC /* DetailsPresenterPro.swift in Sources */,
				842B761D215A36FE00404155 /* NavigationBarView.swift in Sources */,
				84E5DED52157E33100783F55 /* CollectionHeaderView.swift in Sources */,
				8449B886214926A600D66A8C /* HomeModel.swift in Sources */,
				843E8AC0216221A700834FC5 /* ApiDataAcessLayer.swift in Sources */,
				84324AB82148735F00B172BE /* AppDelegate.swift in Sources */,
				8449B870214906AA00D66A8C /* Fourth ViewController.swift in Sources */,
				842F9F0B214FAE00008E0C76 /* TableViewCell.swift in Sources */,
			);
			runOnlyForDeploymentPostprocessing = 0;
		};
		84324AC72148738000B172BE /* Sources */ = {
			isa = PBXSourcesBuildPhase;
			buildActionMask = 2147483647;
			files = (
				84324AD02148738000B172BE /* HomeScreen_TaskPerfectTests.swift in Sources */,
			);
			runOnlyForDeploymentPostprocessing = 0;
		};
		84324AD22148738000B172BE /* Sources */ = {
			isa = PBXSourcesBuildPhase;
			buildActionMask = 2147483647;
			files = (
				84324ADB2148738000B172BE /* HomeScreen_TaskPerfectUITests.swift in Sources */,
			);
			runOnlyForDeploymentPostprocessing = 0;
		};
/* End PBXSourcesBuildPhase section */

/* Begin PBXTargetDependency section */
		84324ACD2148738000B172BE /* PBXTargetDependency */ = {
			isa = PBXTargetDependency;
			target = 84324AB32148735E00B172BE /* Seebo Project  */;
			targetProxy = 84324ACC2148738000B172BE /* PBXContainerItemProxy */;
		};
		84324AD82148738000B172BE /* PBXTargetDependency */ = {
			isa = PBXTargetDependency;
			target = 84324AB32148735E00B172BE /* Seebo Project  */;
			targetProxy = 84324AD72148738000B172BE /* PBXContainerItemProxy */;
		};
/* End PBXTargetDependency section */

/* Begin PBXVariantGroup section */
		84324ABB2148735F00B172BE /* Main.storyboard */ = {
			isa = PBXVariantGroup;
			children = (
				84324ABC2148735F00B172BE /* Base */,
				846A2B232163B56200714EF6 /* ar */,
			);
			name = Main.storyboard;
			sourceTree = "<group>";
		};
		84324AC32148737F00B172BE /* LaunchScreen.storyboard */ = {
			isa = PBXVariantGroup;
			children = (
				84324AC42148737F00B172BE /* Base */,
				846A2B242163B56300714EF6 /* ar */,
			);
			name = LaunchScreen.storyboard;
			sourceTree = "<group>";
		};
/* End PBXVariantGroup section */

/* Begin XCBuildConfiguration section */
		84324ADD2148738000B172BE /* Debug */ = {
			isa = XCBuildConfiguration;
			buildSettings = {
				ALWAYS_SEARCH_USER_PATHS = NO;
				CLANG_ANALYZER_LOCALIZABILITY_NONLOCALIZED = YES;
				CLANG_ANALYZER_NONNULL = YES;
				CLANG_ANALYZER_NUMBER_OBJECT_CONVERSION = YES_AGGRESSIVE;
				CLANG_CXX_LANGUAGE_STANDARD = "gnu++14";
				CLANG_CXX_LIBRARY = "libc++";
				CLANG_ENABLE_MODULES = YES;
				CLANG_ENABLE_OBJC_ARC = YES;
				CLANG_ENABLE_OBJC_WEAK = YES;
				CLANG_WARN_BLOCK_CAPTURE_AUTORELEASING = YES;
				CLANG_WARN_BOOL_CONVERSION = YES;
				CLANG_WARN_COMMA = YES;
				CLANG_WARN_CONSTANT_CONVERSION = YES;
				CLANG_WARN_DEPRECATED_OBJC_IMPLEMENTATIONS = YES;
				CLANG_WARN_DIRECT_OBJC_ISA_USAGE = YES_ERROR;
				CLANG_WARN_DOCUMENTATION_COMMENTS = YES;
				CLANG_WARN_EMPTY_BODY = YES;
				CLANG_WARN_ENUM_CONVERSION = YES;
				CLANG_WARN_INFINITE_RECURSION = YES;
				CLANG_WARN_INT_CONVERSION = YES;
				CLANG_WARN_NON_LITERAL_NULL_CONVERSION = YES;
				CLANG_WARN_OBJC_IMPLICIT_RETAIN_SELF = YES;
				CLANG_WARN_OBJC_LITERAL_CONVERSION = YES;
				CLANG_WARN_OBJC_ROOT_CLASS = YES_ERROR;
				CLANG_WARN_RANGE_LOOP_ANALYSIS = YES;
				CLANG_WARN_STRICT_PROTOTYPES = YES;
				CLANG_WARN_SUSPICIOUS_MOVE = YES;
				CLANG_WARN_UNGUARDED_AVAILABILITY = YES_AGGRESSIVE;
				CLANG_WARN_UNREACHABLE_CODE = YES;
				CLANG_WARN__DUPLICATE_METHOD_MATCH = YES;
				CODE_SIGN_IDENTITY = "iPhone Developer";
				COPY_PHASE_STRIP = NO;
				DEBUG_INFORMATION_FORMAT = dwarf;
				ENABLE_STRICT_OBJC_MSGSEND = YES;
				ENABLE_TESTABILITY = YES;
				GCC_C_LANGUAGE_STANDARD = gnu11;
				GCC_DYNAMIC_NO_PIC = NO;
				GCC_NO_COMMON_BLOCKS = YES;
				GCC_OPTIMIZATION_LEVEL = 0;
				GCC_PREPROCESSOR_DEFINITIONS = (
					"DEBUG=1",
					"$(inherited)",
				);
				GCC_WARN_64_TO_32_BIT_CONVERSION = YES;
				GCC_WARN_ABOUT_RETURN_TYPE = YES_ERROR;
				GCC_WARN_UNDECLARED_SELECTOR = YES;
				GCC_WARN_UNINITIALIZED_AUTOS = YES_AGGRESSIVE;
				GCC_WARN_UNUSED_FUNCTION = YES;
				GCC_WARN_UNUSED_VARIABLE = YES;
				IPHONEOS_DEPLOYMENT_TARGET = 11.3;
				MTL_ENABLE_DEBUG_INFO = YES;
				ONLY_ACTIVE_ARCH = YES;
				SDKROOT = iphoneos;
				SWIFT_ACTIVE_COMPILATION_CONDITIONS = DEBUG;
				SWIFT_OPTIMIZATION_LEVEL = "-Onone";
			};
			name = Debug;
		};
		84324ADE2148738000B172BE /* Release */ = {
			isa = XCBuildConfiguration;
			buildSettings = {
				ALWAYS_SEARCH_USER_PATHS = NO;
				CLANG_ANALYZER_LOCALIZABILITY_NONLOCALIZED = YES;
				CLANG_ANALYZER_NONNULL = YES;
				CLANG_ANALYZER_NUMBER_OBJECT_CONVERSION = YES_AGGRESSIVE;
				CLANG_CXX_LANGUAGE_STANDARD = "gnu++14";
				CLANG_CXX_LIBRARY = "libc++";
				CLANG_ENABLE_MODULES = YES;
				CLANG_ENABLE_OBJC_ARC = YES;
				CLANG_ENABLE_OBJC_WEAK = YES;
				CLANG_WARN_BLOCK_CAPTURE_AUTORELEASING = YES;
				CLANG_WARN_BOOL_CONVERSION = YES;
				CLANG_WARN_COMMA = YES;
				CLANG_WARN_CONSTANT_CONVERSION = YES;
				CLANG_WARN_DEPRECATED_OBJC_IMPLEMENTATIONS = YES;
				CLANG_WARN_DIRECT_OBJC_ISA_USAGE = YES_ERROR;
				CLANG_WARN_DOCUMENTATION_COMMENTS = YES;
				CLANG_WARN_EMPTY_BODY = YES;
				CLANG_WARN_ENUM_CONVERSION = YES;
				CLANG_WARN_INFINITE_RECURSION = YES;
				CLANG_WARN_INT_CONVERSION = YES;
				CLANG_WARN_NON_LITERAL_NULL_CONVERSION = YES;
				CLANG_WARN_OBJC_IMPLICIT_RETAIN_SELF = YES;
				CLANG_WARN_OBJC_LITERAL_CONVERSION = YES;
				CLANG_WARN_OBJC_ROOT_CLASS = YES_ERROR;
				CLANG_WARN_RANGE_LOOP_ANALYSIS = YES;
				CLANG_WARN_STRICT_PROTOTYPES = YES;
				CLANG_WARN_SUSPICIOUS_MOVE = YES;
				CLANG_WARN_UNGUARDED_AVAILABILITY = YES_AGGRESSIVE;
				CLANG_WARN_UNREACHABLE_CODE = YES;
				CLANG_WARN__DUPLICATE_METHOD_MATCH = YES;
				CODE_SIGN_IDENTITY = "iPhone Developer";
				COPY_PHASE_STRIP = NO;
				DEBUG_INFORMATION_FORMAT = "dwarf-with-dsym";
				ENABLE_NS_ASSERTIONS = NO;
				ENABLE_STRICT_OBJC_MSGSEND = YES;
				GCC_C_LANGUAGE_STANDARD = gnu11;
				GCC_NO_COMMON_BLOCKS = YES;
				GCC_WARN_64_TO_32_BIT_CONVERSION = YES;
				GCC_WARN_ABOUT_RETURN_TYPE = YES_ERROR;
				GCC_WARN_UNDECLARED_SELECTOR = YES;
				GCC_WARN_UNINITIALIZED_AUTOS = YES_AGGRESSIVE;
				GCC_WARN_UNUSED_FUNCTION = YES;
				GCC_WARN_UNUSED_VARIABLE = YES;
				IPHONEOS_DEPLOYMENT_TARGET = 11.3;
				MTL_ENABLE_DEBUG_INFO = NO;
				SDKROOT = iphoneos;
				SWIFT_COMPILATION_MODE = wholemodule;
				SWIFT_OPTIMIZATION_LEVEL = "-O";
				VALIDATE_PRODUCT = YES;
			};
			name = Release;
		};
		84324AE02148738000B172BE /* Debug */ = {
			isa = XCBuildConfiguration;
			baseConfigurationReference = 6F0498CFC1A12F4FEAD683A7 /* Pods-Seebo Project .debug.xcconfig */;
			buildSettings = {
				ASSETCATALOG_COMPILER_APPICON_NAME = AppIcon;
				CODE_SIGN_STYLE = Automatic;
				INFOPLIST_FILE = "$(SRCROOT)/Seebo Project/Info.plist";
				LD_RUNPATH_SEARCH_PATHS = (
					"$(inherited)",
					"@executable_path/Frameworks",
				);
				PRODUCT_BUNDLE_IDENTIFIER = ITI.SeeboProject;
				PRODUCT_NAME = "$(TARGET_NAME)";
				SWIFT_VERSION = 4.0;
				TARGETED_DEVICE_FAMILY = "1,2";
			};
			name = Debug;
		};
		84324AE12148738000B172BE /* Release */ = {
			isa = XCBuildConfiguration;
			baseConfigurationReference = 0146B418C3A81BF93AFE0A7D /* Pods-Seebo Project .release.xcconfig */;
			buildSettings = {
				ASSETCATALOG_COMPILER_APPICON_NAME = AppIcon;
				CODE_SIGN_STYLE = Automatic;
				INFOPLIST_FILE = "$(SRCROOT)/Seebo Project/Info.plist";
				LD_RUNPATH_SEARCH_PATHS = (
					"$(inherited)",
					"@executable_path/Frameworks",
				);
				PRODUCT_BUNDLE_IDENTIFIER = ITI.SeeboProject;
				PRODUCT_NAME = "$(TARGET_NAME)";
				SWIFT_VERSION = 4.0;
				TARGETED_DEVICE_FAMILY = "1,2";
			};
			name = Release;
		};
		84324AE32148738000B172BE /* Debug */ = {
			isa = XCBuildConfiguration;
			buildSettings = {
				ALWAYS_EMBED_SWIFT_STANDARD_LIBRARIES = YES;
				BUNDLE_LOADER = "$(TEST_HOST)";
				CODE_SIGN_STYLE = Automatic;
				INFOPLIST_FILE = HomeScreen_TaskPerfectTests/Info.plist;
				LD_RUNPATH_SEARCH_PATHS = (
					"$(inherited)",
					"@executable_path/Frameworks",
					"@loader_path/Frameworks",
				);
				PRODUCT_BUNDLE_IDENTIFIER = "ITI.HomeScreen-TaskPerfectTests";
				PRODUCT_NAME = "$(TARGET_NAME)";
				SWIFT_VERSION = 4.0;
				TARGETED_DEVICE_FAMILY = "1,2";
				TEST_HOST = "$(BUILT_PRODUCTS_DIR)/Seebo Project .app/Seebo Project ";
			};
			name = Debug;
		};
		84324AE42148738000B172BE /* Release */ = {
			isa = XCBuildConfiguration;
			buildSettings = {
				ALWAYS_EMBED_SWIFT_STANDARD_LIBRARIES = YES;
				BUNDLE_LOADER = "$(TEST_HOST)";
				CODE_SIGN_STYLE = Automatic;
				INFOPLIST_FILE = HomeScreen_TaskPerfectTests/Info.plist;
				LD_RUNPATH_SEARCH_PATHS = (
					"$(inherited)",
					"@executable_path/Frameworks",
					"@loader_path/Frameworks",
				);
				PRODUCT_BUNDLE_IDENTIFIER = "ITI.HomeScreen-TaskPerfectTests";
				PRODUCT_NAME = "$(TARGET_NAME)";
				SWIFT_VERSION = 4.0;
				TARGETED_DEVICE_FAMILY = "1,2";
				TEST_HOST = "$(BUILT_PRODUCTS_DIR)/Seebo Project .app/Seebo Project ";
			};
			name = Release;
		};
		84324AE62148738000B172BE /* Debug */ = {
			isa = XCBuildConfiguration;
			buildSettings = {
				ALWAYS_EMBED_SWIFT_STANDARD_LIBRARIES = YES;
				CODE_SIGN_STYLE = Automatic;
				INFOPLIST_FILE = HomeScreen_TaskPerfectUITests/Info.plist;
				LD_RUNPATH_SEARCH_PATHS = (
					"$(inherited)",
					"@executable_path/Frameworks",
					"@loader_path/Frameworks",
				);
				PRODUCT_BUNDLE_IDENTIFIER = "ITI.HomeScreen-TaskPerfectUITests";
				PRODUCT_NAME = "$(TARGET_NAME)";
				SWIFT_VERSION = 4.0;
				TARGETED_DEVICE_FAMILY = "1,2";
				TEST_TARGET_NAME = HomeScreen_TaskPerfect;
			};
			name = Debug;
		};
		84324AE72148738000B172BE /* Release */ = {
			isa = XCBuildConfiguration;
			buildSettings = {
				ALWAYS_EMBED_SWIFT_STANDARD_LIBRARIES = YES;
				CODE_SIGN_STYLE = Automatic;
				INFOPLIST_FILE = HomeScreen_TaskPerfectUITests/Info.plist;
				LD_RUNPATH_SEARCH_PATHS = (
					"$(inherited)",
					"@executable_path/Frameworks",
					"@loader_path/Frameworks",
				);
				PRODUCT_BUNDLE_IDENTIFIER = "ITI.HomeScreen-TaskPerfectUITests";
				PRODUCT_NAME = "$(TARGET_NAME)";
				SWIFT_VERSION = 4.0;
				TARGETED_DEVICE_FAMILY = "1,2";
				TEST_TARGET_NAME = HomeScreen_TaskPerfect;
			};
			name = Release;
		};
/* End XCBuildConfiguration section */

/* Begin XCConfigurationList section */
		84324AAF2148735E00B172BE /* Build configuration list for PBXProject "Seebo Project " */ = {
			isa = XCConfigurationList;
			buildConfigurations = (
				84324ADD2148738000B172BE /* Debug */,
				84324ADE2148738000B172BE /* Release */,
			);
			defaultConfigurationIsVisible = 0;
			defaultConfigurationName = Release;
		};
		84324ADF2148738000B172BE /* Build configuration list for PBXNativeTarget "Seebo Project " */ = {
			isa = XCConfigurationList;
			buildConfigurations = (
				84324AE02148738000B172BE /* Debug */,
				84324AE12148738000B172BE /* Release */,
			);
			defaultConfigurationIsVisible = 0;
			defaultConfigurationName = Release;
		};
		84324AE22148738000B172BE /* Build configuration list for PBXNativeTarget "Seebo Project Tests" */ = {
			isa = XCConfigurationList;
			buildConfigurations = (
				84324AE32148738000B172BE /* Debug */,
				84324AE42148738000B172BE /* Release */,
			);
			defaultConfigurationIsVisible = 0;
			defaultConfigurationName = Release;
		};
		84324AE52148738000B172BE /* Build configuration list for PBXNativeTarget "Seebo Project UITests" */ = {
			isa = XCConfigurationList;
			buildConfigurations = (
				84324AE62148738000B172BE /* Debug */,
				84324AE72148738000B172BE /* Release */,
			);
			defaultConfigurationIsVisible = 0;
			defaultConfigurationName = Release;
		};
/* End XCConfigurationList section */

/* Begin XCVersionGroup section */
		84324ABE2148735F00B172BE /* HomeScreen_TaskPerfect.xcdatamodeld */ = {
			isa = XCVersionGroup;
			children = (
				84324ABF2148735F00B172BE /* HomeScreen_TaskPerfect.xcdatamodel */,
			);
			currentVersion = 84324ABF2148735F00B172BE /* HomeScreen_TaskPerfect.xcdatamodel */;
			path = HomeScreen_TaskPerfect.xcdatamodeld;
			sourceTree = "<group>";
			versionGroupType = wrapper.xcdatamodel;
		};
/* End XCVersionGroup section */
	};
	rootObject = 84324AAC2148735E00B172BE /* Project object */;
}
